
Microsoft Visual Studio Solution File, Format Version 12.00
# Visual Studio Version 17
VisualStudioVersion = 17.7.34031.279
MinimumVisualStudioVersion = 10.0.40219.1
Project("{FAE04EC0-301F-11D3-BF4B-00C04F79EFBC}") = "SavePalestineApi", "SavePalestineApi\SavePalestineApi.csproj", "{AC5F1696-3DCF-4AB4-8C70-DF012138331D}"
EndProject
Global
	GlobalSection(SolutionConfigurationPlatforms) = preSolution
		Debug|Any CPU = Debug|Any CPU
		Release|Any CPU = Release|Any CPU
	EndGlobalSection
	GlobalSection(ProjectConfigurationPlatforms) = postSolution
		{AC5F1696-3DCF-4AB4-8C70-DF012138331D}.Debug|Any CPU.ActiveCfg = Debug|Any CPU
		{AC5F1696-3DCF-4AB4-8C70-DF012138331D}.Debug|Any CPU.Build.0 = Debug|Any CPU
		{AC5F1696-3DCF-4AB4-8C70-DF012138331D}.Release|Any CPU.ActiveCfg = Release|Any CPU
		{AC5F1696-3DCF-4AB4-8C70-DF012138331D}.Release|Any CPU.Build.0 = Release|Any CPU
	EndGlobalSection
	GlobalSection(SolutionProperties) = preSolution
		HideSolutionNode = FALSE
	EndGlobalSection
	GlobalSection(ExtensibilityGlobals) = postSolution
		SolutionGuid = {26FBF048-0698-4C69-B5AA-2F977AB4C9F0}
	EndGlobalSection
EndGlobal
